
Microsoft Visual Studio Solution File, Format Version 12.00
# Visual Studio 15
VisualStudioVersion = 15.0.26124.0
MinimumVisualStudioVersion = 15.0.26124.0
Project("{2150E333-8FDC-42A3-9474-1A3956D46DE8}") = "SnsProcessor", "SnsProcessor", "{1087BEBD-3EFE-4BAC-8B4D-AABB0223E29D}"
EndProject
Project("{2150E333-8FDC-42A3-9474-1A3956D46DE8}") = "src", "src", "{66175EF9-79D6-4B49-A7F3-D92F2958CECE}"
EndProject
Project("{FAE04EC0-301F-11D3-BF4B-00C04F79EFBC}") = "SnsProcessor", "SnsProcessor\src\SnsProcessor\SnsProcessor.csproj", "{A84A57D6-0490-4811-BEFC-A84065DF0DCD}"
EndProject
Project("{2150E333-8FDC-42A3-9474-1A3956D46DE8}") = "test", "test", "{8C250126-C905-4726-876F-BB340741FB28}"
EndProject
Project("{FAE04EC0-301F-11D3-BF4B-00C04F79EFBC}") = "SnsProcessor.Tests", "SnsProcessor\test\SnsProcessor.Tests\SnsProcessor.Tests.csproj", "{40977DC8-6E4F-4820-A700-CEEDF10329B4}"
EndProject
Project("{2150E333-8FDC-42A3-9474-1A3956D46DE8}") = "SqsProcessor", "SqsProcessor", "{D0449FF4-8207-4350-8F1C-C497E100373D}"
EndProject
Project("{2150E333-8FDC-42A3-9474-1A3956D46DE8}") = "src", "src", "{370E1F6A-8203-4474-A8B3-6892A4A30239}"
EndProject
Project("{FAE04EC0-301F-11D3-BF4B-00C04F79EFBC}") = "SqsProcessor", "SqsProcessor\src\SqsProcessor\SqsProcessor.csproj", "{6B0782BA-A461-4FA9-97B5-D62377F75173}"
EndProject
Project("{2150E333-8FDC-42A3-9474-1A3956D46DE8}") = "test", "test", "{1B65804B-BE5D-44DE-B859-55755E13FE60}"
EndProject
Project("{FAE04EC0-301F-11D3-BF4B-00C04F79EFBC}") = "SqsProcessor.Tests", "SqsProcessor\test\SqsProcessor.Tests\SqsProcessor.Tests.csproj", "{72F509A9-9AB6-4D4F-8D74-1BEDC89CB552}"
EndProject
Global
	GlobalSection(SolutionConfigurationPlatforms) = preSolution
		Debug|Any CPU = Debug|Any CPU
		Debug|x64 = Debug|x64
		Debug|x86 = Debug|x86
		Release|Any CPU = Release|Any CPU
		Release|x64 = Release|x64
		Release|x86 = Release|x86
	EndGlobalSection
	GlobalSection(SolutionProperties) = preSolution
		HideSolutionNode = FALSE
	EndGlobalSection
	GlobalSection(ProjectConfigurationPlatforms) = postSolution
		{A84A57D6-0490-4811-BEFC-A84065DF0DCD}.Debug|Any CPU.ActiveCfg = Debug|Any CPU
		{A84A57D6-0490-4811-BEFC-A84065DF0DCD}.Debug|Any CPU.Build.0 = Debug|Any CPU
		{A84A57D6-0490-4811-BEFC-A84065DF0DCD}.Debug|x64.ActiveCfg = Debug|Any CPU
		{A84A57D6-0490-4811-BEFC-A84065DF0DCD}.Debug|x64.Build.0 = Debug|Any CPU
		{A84A57D6-0490-4811-BEFC-A84065DF0DCD}.Debug|x86.ActiveCfg = Debug|Any CPU
		{A84A57D6-0490-4811-BEFC-A84065DF0DCD}.Debug|x86.Build.0 = Debug|Any CPU
		{A84A57D6-0490-4811-BEFC-A84065DF0DCD}.Release|Any CPU.ActiveCfg = Release|Any CPU
		{A84A57D6-0490-4811-BEFC-A84065DF0DCD}.Release|Any CPU.Build.0 = Release|Any CPU
		{A84A57D6-0490-4811-BEFC-A84065DF0DCD}.Release|x64.ActiveCfg = Release|Any CPU
		{A84A57D6-0490-4811-BEFC-A84065DF0DCD}.Release|x64.Build.0 = Release|Any CPU
		{A84A57D6-0490-4811-BEFC-A84065DF0DCD}.Release|x86.ActiveCfg = Release|Any CPU
		{A84A57D6-0490-4811-BEFC-A84065DF0DCD}.Release|x86.Build.0 = Release|Any CPU
		{40977DC8-6E4F-4820-A700-CEEDF10329B4}.Debug|Any CPU.ActiveCfg = Debug|Any CPU
		{40977DC8-6E4F-4820-A700-CEEDF10329B4}.Debug|Any CPU.Build.0 = Debug|Any CPU
		{40977DC8-6E4F-4820-A700-CEEDF10329B4}.Debug|x64.ActiveCfg = Debug|Any CPU
		{40977DC8-6E4F-4820-A700-CEEDF10329B4}.Debug|x64.Build.0 = Debug|Any CPU
		{40977DC8-6E4F-4820-A700-CEEDF10329B4}.Debug|x86.ActiveCfg = Debug|Any CPU
		{40977DC8-6E4F-4820-A700-CEEDF10329B4}.Debug|x86.Build.0 = Debug|Any CPU
		{40977DC8-6E4F-4820-A700-CEEDF10329B4}.Release|Any CPU.ActiveCfg = Release|Any CPU
		{40977DC8-6E4F-4820-A700-CEEDF10329B4}.Release|Any CPU.Build.0 = Release|Any CPU
		{40977DC8-6E4F-4820-A700-CEEDF10329B4}.Release|x64.ActiveCfg = Release|Any CPU
		{40977DC8-6E4F-4820-A700-CEEDF10329B4}.Release|x64.Build.0 = Release|Any CPU
		{40977DC8-6E4F-4820-A700-CEEDF10329B4}.Release|x86.ActiveCfg = Release|Any CPU
		{40977DC8-6E4F-4820-A700-CEEDF10329B4}.Release|x86.Build.0 = Release|Any CPU
		{6B0782BA-A461-4FA9-97B5-D62377F75173}.Debug|Any CPU.ActiveCfg = Debug|Any CPU
		{6B0782BA-A461-4FA9-97B5-D62377F75173}.Debug|Any CPU.Build.0 = Debug|Any CPU
		{6B0782BA-A461-4FA9-97B5-D62377F75173}.Debug|x64.ActiveCfg = Debug|Any CPU
		{6B0782BA-A461-4FA9-97B5-D62377F75173}.Debug|x64.Build.0 = Debug|Any CPU
		{6B0782BA-A461-4FA9-97B5-D62377F75173}.Debug|x86.ActiveCfg = Debug|Any CPU
		{6B0782BA-A461-4FA9-97B5-D62377F75173}.Debug|x86.Build.0 = Debug|Any CPU
		{6B0782BA-A461-4FA9-97B5-D62377F75173}.Release|Any CPU.ActiveCfg = Release|Any CPU
		{6B0782BA-A461-4FA9-97B5-D62377F75173}.Release|Any CPU.Build.0 = Release|Any CPU
		{6B0782BA-A461-4FA9-97B5-D62377F75173}.Release|x64.ActiveCfg = Release|Any CPU
		{6B0782BA-A461-4FA9-97B5-D62377F75173}.Release|x64.Build.0 = Release|Any CPU
		{6B0782BA-A461-4FA9-97B5-D62377F75173}.Release|x86.ActiveCfg = Release|Any CPU
		{6B0782BA-A461-4FA9-97B5-D62377F75173}.Release|x86.Build.0 = Release|Any CPU
		{72F509A9-9AB6-4D4F-8D74-1BEDC89CB552}.Debug|Any CPU.ActiveCfg = Debug|Any CPU
		{72F509A9-9AB6-4D4F-8D74-1BEDC89CB552}.Debug|Any CPU.Build.0 = Debug|Any CPU
		{72F509A9-9AB6-4D4F-8D74-1BEDC89CB552}.Debug|x64.ActiveCfg = Debug|Any CPU
		{72F509A9-9AB6-4D4F-8D74-1BEDC89CB552}.Debug|x64.Build.0 = Debug|Any CPU
		{72F509A9-9AB6-4D4F-8D74-1BEDC89CB552}.Debug|x86.ActiveCfg = Debug|Any CPU
		{72F509A9-9AB6-4D4F-8D74-1BEDC89CB552}.Debug|x86.Build.0 = Debug|Any CPU
		{72F509A9-9AB6-4D4F-8D74-1BEDC89CB552}.Release|Any CPU.ActiveCfg = Release|Any CPU
		{72F509A9-9AB6-4D4F-8D74-1BEDC89CB552}.Release|Any CPU.Build.0 = Release|Any CPU
		{72F509A9-9AB6-4D4F-8D74-1BEDC89CB552}.Release|x64.ActiveCfg = Release|Any CPU
		{72F509A9-9AB6-4D4F-8D74-1BEDC89CB552}.Release|x64.Build.0 = Release|Any CPU
		{72F509A9-9AB6-4D4F-8D74-1BEDC89CB552}.Release|x86.ActiveCfg = Release|Any CPU
		{72F509A9-9AB6-4D4F-8D74-1BEDC89CB552}.Release|x86.Build.0 = Release|Any CPU
	EndGlobalSection
	GlobalSection(NestedProjects) = preSolution
		{66175EF9-79D6-4B49-A7F3-D92F2958CECE} = {1087BEBD-3EFE-4BAC-8B4D-AABB0223E29D}
		{A84A57D6-0490-4811-BEFC-A84065DF0DCD} = {66175EF9-79D6-4B49-A7F3-D92F2958CECE}
		{8C250126-C905-4726-876F-BB340741FB28} = {1087BEBD-3EFE-4BAC-8B4D-AABB0223E29D}
		{40977DC8-6E4F-4820-A700-CEEDF10329B4} = {8C250126-C905-4726-876F-BB340741FB28}
		{370E1F6A-8203-4474-A8B3-6892A4A30239} = {D0449FF4-8207-4350-8F1C-C497E100373D}
		{6B0782BA-A461-4FA9-97B5-D62377F75173} = {370E1F6A-8203-4474-A8B3-6892A4A30239}
		{1B65804B-BE5D-44DE-B859-55755E13FE60} = {D0449FF4-8207-4350-8F1C-C497E100373D}
		{72F509A9-9AB6-4D4F-8D74-1BEDC89CB552} = {1B65804B-BE5D-44DE-B859-55755E13FE60}
	EndGlobalSection
EndGlobal
